
Microsoft Visual Studio Solution File, Format Version 12.00
# Visual Studio Version 17
VisualStudioVersion = 17.8.34525.116
MinimumVisualStudioVersion = 10.0.40219.1
Project("{FAE04EC0-301F-11D3-BF4B-00C04F79EFBC}") = "ConsoleApp", "ConsoleApp.csproj", "{EA8662DB-02C8-4D2D-941B-130DAE905F64}"
EndProject
Global
	GlobalSection(SolutionConfigurationPlatforms) = preSolution
		Debug|Any CPU = Debug|Any CPU
		Release|Any CPU = Release|Any CPU
	EndGlobalSection
	GlobalSection(ProjectConfigurationPlatforms) = postSolution
		{EA8662DB-02C8-4D2D-941B-130DAE905F64}.Debug|Any CPU.ActiveCfg = Debug|Any CPU
		{EA8662DB-02C8-4D2D-941B-130DAE905F64}.Debug|Any CPU.Build.0 = Debug|Any CPU
		{EA8662DB-02C8-4D2D-941B-130DAE905F64}.Release|Any CPU.ActiveCfg = Release|Any CPU
		{EA8662DB-02C8-4D2D-941B-130DAE905F64}.Release|Any CPU.Build.0 = Release|Any CPU
	EndGlobalSection
	GlobalSection(SolutionProperties) = preSolution
		HideSolutionNode = FALSE
	EndGlobalSection
	GlobalSection(ExtensibilityGlobals) = postSolution
		SolutionGuid = {C4C6F46C-9276-41A8-A603-3F67B6513012}
	EndGlobalSection
EndGlobal
